
Microsoft Visual Studio Solution File, Format Version 11.00
# Visual Studio 2010
Project("{FAE04EC0-301F-11D3-BF4B-00C04F79EFBC}") = "registry", "registry.csproj", "{030B00DA-2C47-40CC-B064-973EAD48B728}"
EndProject
Project("{FAE04EC0-301F-11D3-BF4B-00C04F79EFBC}") = "HarvesterService", "HarvesterService\HarvesterService.csproj", "{D48C8ED0-CFC7-497F-A56E-298A8E333B2A}"
	ProjectSection(ProjectDependencies) = postProject
		{030B00DA-2C47-40CC-B064-973EAD48B728} = {030B00DA-2C47-40CC-B064-973EAD48B728}
	EndProjectSection
EndProject
Project("{FAE04EC0-301F-11D3-BF4B-00C04F79EFBC}") = "IntegrityReport", "IntegrityReport\IntegrityReport.csproj", "{67113330-01AF-45E9-AF02-CF9ABC1314F0}"
EndProject
Project("{FAE04EC0-301F-11D3-BF4B-00C04F79EFBC}") = "ReportPages", "ReportPages\ReportPages.csproj", "{810D4A61-D612-4AFD-9082-B7DEBCCCDFF1}"
EndProject
Project("{FAE04EC0-301F-11D3-BF4B-00C04F79EFBC}") = "Publishing", "Publishing\Publishing.csproj", "{820A4B7B-0FA3-44A5-B4D2-8C2DA6BD96B1}"
EndProject
Global
	GlobalSection(SolutionConfigurationPlatforms) = preSolution
		Debug|.NET = Debug|.NET
		Debug|Any CPU = Debug|Any CPU
		Debug|Mixed Platforms = Debug|Mixed Platforms
		Debug|x86 = Debug|x86
		Release|.NET = Release|.NET
		Release|Any CPU = Release|Any CPU
		Release|Mixed Platforms = Release|Mixed Platforms
		Release|x86 = Release|x86
	EndGlobalSection
	GlobalSection(ProjectConfigurationPlatforms) = postSolution
		{030B00DA-2C47-40CC-B064-973EAD48B728}.Debug|.NET.ActiveCfg = Debug|Any CPU
		{030B00DA-2C47-40CC-B064-973EAD48B728}.Debug|Any CPU.ActiveCfg = Debug|Any CPU
		{030B00DA-2C47-40CC-B064-973EAD48B728}.Debug|Any CPU.Build.0 = Debug|Any CPU
		{030B00DA-2C47-40CC-B064-973EAD48B728}.Debug|Mixed Platforms.ActiveCfg = Debug|Any CPU
		{030B00DA-2C47-40CC-B064-973EAD48B728}.Debug|Mixed Platforms.Build.0 = Debug|Any CPU
		{030B00DA-2C47-40CC-B064-973EAD48B728}.Debug|x86.ActiveCfg = Debug|Any CPU
		{030B00DA-2C47-40CC-B064-973EAD48B728}.Release|.NET.ActiveCfg = Release|Any CPU
		{030B00DA-2C47-40CC-B064-973EAD48B728}.Release|Any CPU.ActiveCfg = Release|Any CPU
		{030B00DA-2C47-40CC-B064-973EAD48B728}.Release|Any CPU.Build.0 = Release|Any CPU
		{030B00DA-2C47-40CC-B064-973EAD48B728}.Release|Mixed Platforms.ActiveCfg = Release|Any CPU
		{030B00DA-2C47-40CC-B064-973EAD48B728}.Release|Mixed Platforms.Build.0 = Release|Any CPU
		{030B00DA-2C47-40CC-B064-973EAD48B728}.Release|x86.ActiveCfg = Release|Any CPU
		{D48C8ED0-CFC7-497F-A56E-298A8E333B2A}.Debug|.NET.ActiveCfg = Debug|Any CPU
		{D48C8ED0-CFC7-497F-A56E-298A8E333B2A}.Debug|Any CPU.ActiveCfg = Debug|Any CPU
		{D48C8ED0-CFC7-497F-A56E-298A8E333B2A}.Debug|Mixed Platforms.ActiveCfg = Debug|Any CPU
		{D48C8ED0-CFC7-497F-A56E-298A8E333B2A}.Debug|x86.ActiveCfg = Debug|Any CPU
		{D48C8ED0-CFC7-497F-A56E-298A8E333B2A}.Release|.NET.ActiveCfg = Release|Any CPU
		{D48C8ED0-CFC7-497F-A56E-298A8E333B2A}.Release|Any CPU.ActiveCfg = Release|Any CPU
		{D48C8ED0-CFC7-497F-A56E-298A8E333B2A}.Release|Any CPU.Build.0 = Release|Any CPU
		{D48C8ED0-CFC7-497F-A56E-298A8E333B2A}.Release|Mixed Platforms.ActiveCfg = Release|Any CPU
		{D48C8ED0-CFC7-497F-A56E-298A8E333B2A}.Release|Mixed Platforms.Build.0 = Release|Any CPU
		{D48C8ED0-CFC7-497F-A56E-298A8E333B2A}.Release|x86.ActiveCfg = Release|Any CPU
		{67113330-01AF-45E9-AF02-CF9ABC1314F0}.Debug|.NET.ActiveCfg = Debug|Any CPU
		{67113330-01AF-45E9-AF02-CF9ABC1314F0}.Debug|Any CPU.ActiveCfg = Debug|Any CPU
		{67113330-01AF-45E9-AF02-CF9ABC1314F0}.Debug|Mixed Platforms.ActiveCfg = Debug|Any CPU
		{67113330-01AF-45E9-AF02-CF9ABC1314F0}.Debug|x86.ActiveCfg = Debug|Any CPU
		{67113330-01AF-45E9-AF02-CF9ABC1314F0}.Release|.NET.ActiveCfg = Release|Any CPU
		{67113330-01AF-45E9-AF02-CF9ABC1314F0}.Release|Any CPU.ActiveCfg = Release|Any CPU
		{67113330-01AF-45E9-AF02-CF9ABC1314F0}.Release|Any CPU.Build.0 = Release|Any CPU
		{67113330-01AF-45E9-AF02-CF9ABC1314F0}.Release|Mixed Platforms.ActiveCfg = Release|Any CPU
		{67113330-01AF-45E9-AF02-CF9ABC1314F0}.Release|Mixed Platforms.Build.0 = Release|Any CPU
		{67113330-01AF-45E9-AF02-CF9ABC1314F0}.Release|x86.ActiveCfg = Release|Any CPU
		{810D4A61-D612-4AFD-9082-B7DEBCCCDFF1}.Debug|.NET.ActiveCfg = Debug|Any CPU
		{810D4A61-D612-4AFD-9082-B7DEBCCCDFF1}.Debug|Any CPU.ActiveCfg = Debug|Any CPU
		{810D4A61-D612-4AFD-9082-B7DEBCCCDFF1}.Debug|Mixed Platforms.ActiveCfg = Debug|Any CPU
		{810D4A61-D612-4AFD-9082-B7DEBCCCDFF1}.Debug|x86.ActiveCfg = Debug|Any CPU
		{810D4A61-D612-4AFD-9082-B7DEBCCCDFF1}.Release|.NET.ActiveCfg = Release|Any CPU
		{810D4A61-D612-4AFD-9082-B7DEBCCCDFF1}.Release|Any CPU.ActiveCfg = Release|Any CPU
		{810D4A61-D612-4AFD-9082-B7DEBCCCDFF1}.Release|Any CPU.Build.0 = Release|Any CPU
		{810D4A61-D612-4AFD-9082-B7DEBCCCDFF1}.Release|Mixed Platforms.ActiveCfg = Release|Any CPU
		{810D4A61-D612-4AFD-9082-B7DEBCCCDFF1}.Release|Mixed Platforms.Build.0 = Release|Any CPU
		{810D4A61-D612-4AFD-9082-B7DEBCCCDFF1}.Release|x86.ActiveCfg = Release|Any CPU
		{820A4B7B-0FA3-44A5-B4D2-8C2DA6BD96B1}.Debug|.NET.ActiveCfg = Debug|Any CPU
		{820A4B7B-0FA3-44A5-B4D2-8C2DA6BD96B1}.Debug|Any CPU.ActiveCfg = Debug|Any CPU
		{820A4B7B-0FA3-44A5-B4D2-8C2DA6BD96B1}.Debug|Any CPU.Build.0 = Debug|Any CPU
		{820A4B7B-0FA3-44A5-B4D2-8C2DA6BD96B1}.Debug|Mixed Platforms.ActiveCfg = Debug|Any CPU
		{820A4B7B-0FA3-44A5-B4D2-8C2DA6BD96B1}.Debug|Mixed Platforms.Build.0 = Debug|Any CPU
		{820A4B7B-0FA3-44A5-B4D2-8C2DA6BD96B1}.Debug|x86.ActiveCfg = Debug|Any CPU
		{820A4B7B-0FA3-44A5-B4D2-8C2DA6BD96B1}.Release|.NET.ActiveCfg = Release|Any CPU
		{820A4B7B-0FA3-44A5-B4D2-8C2DA6BD96B1}.Release|Any CPU.ActiveCfg = Release|Any CPU
		{820A4B7B-0FA3-44A5-B4D2-8C2DA6BD96B1}.Release|Any CPU.Build.0 = Release|Any CPU
		{820A4B7B-0FA3-44A5-B4D2-8C2DA6BD96B1}.Release|Mixed Platforms.ActiveCfg = Release|Any CPU
		{820A4B7B-0FA3-44A5-B4D2-8C2DA6BD96B1}.Release|Mixed Platforms.Build.0 = Release|Any CPU
		{820A4B7B-0FA3-44A5-B4D2-8C2DA6BD96B1}.Release|x86.ActiveCfg = Release|Any CPU
	EndGlobalSection
	GlobalSection(SolutionProperties) = preSolution
		HideSolutionNode = FALSE
	EndGlobalSection
EndGlobal
