
Microsoft Visual Studio Solution File, Format Version 11.00
# Visual Studio 2010
Project("{FAE04EC0-301F-11D3-BF4B-00C04F79EFBC}") = "Mashup", "Mashup\Mashup.csproj", "{B0C99A3F-AB09-4984-B1C7-F95E8D169F31}"
EndProject
Project("{FAE04EC0-301F-11D3-BF4B-00C04F79EFBC}") = "Utilities", "Utilities\Utilities.csproj", "{BEC86334-6BA5-4594-838B-C77A4FDB7FB3}"
EndProject
Project("{FAE04EC0-301F-11D3-BF4B-00C04F79EFBC}") = "VOTLib", "VOTLib\VOTLib.csproj", "{4E3C1001-3AB5-4659-BDCE-13ED677D79FD}"
EndProject
Project("{FAE04EC0-301F-11D3-BF4B-00C04F79EFBC}") = "VOTTest", "VOTTest\VOTTest.csproj", "{DE0BE1F1-34F4-4FCC-9546-E73EBD4DC3B1}"
EndProject
Project("{FAE04EC0-301F-11D3-BF4B-00C04F79EFBC}") = "log4net", "log4net\log4net.csproj", "{FA2E72F6-D583-4B7D-A934-8553A54D7021}"
EndProject
Project("{FAE04EC0-301F-11D3-BF4B-00C04F79EFBC}") = "JsonFx.Json", "JsonFx.Json\JsonFx.Json.csproj", "{ABA23F14-7E47-43FE-A3E7-1FF97840C3FB}"
EndProject
Project("{FAE04EC0-301F-11D3-BF4B-00C04F79EFBC}") = "ExcelLibrary", "ExcelLibrary\ExcelLibrary.csproj", "{0716F257-72DD-41EF-8E79-54BA388E3AB1}"
EndProject
Project("{FAE04EC0-301F-11D3-BF4B-00C04F79EFBC}") = "LumenWorks.Framework.IO", "LumenWorks.Framework.IO\LumenWorks.Framework.IO.csproj", "{E3B83D68-C90C-4874-8E5F-DEC8D038BC7C}"
EndProject
Project("{FAE04EC0-301F-11D3-BF4B-00C04F79EFBC}") = "Collections", "Collections\Collections.csproj", "{FD71C7F5-D3E7-491D-9916-27A7D8E73544}"
EndProject
Project("{FAE04EC0-301F-11D3-BF4B-00C04F79EFBC}") = "Doc", "Doc\Doc.csproj", "{C28D23D3-5740-4663-B2E5-247A27DC2BBB}"
EndProject
Project("{FAE04EC0-301F-11D3-BF4B-00C04F79EFBC}") = "root", "root\root.csproj", "{2B9F4881-23A2-499A-A038-BF1346C6E974}"
EndProject
Project("{FAE04EC0-301F-11D3-BF4B-00C04F79EFBC}") = "deploy", "deploy\deploy.csproj", "{43AA57EC-D54C-41FA-BAD8-F91B3DEA9C9B}"
EndProject
Global
	GlobalSection(SolutionConfigurationPlatforms) = preSolution
		Debug|.NET = Debug|.NET
		Debug|Any CPU = Debug|Any CPU
		Debug|Mixed Platforms = Debug|Mixed Platforms
		Debug|x64 = Debug|x64
		Debug|x86 = Debug|x86
		Release|.NET = Release|.NET
		Release|Any CPU = Release|Any CPU
		Release|Mixed Platforms = Release|Mixed Platforms
		Release|x64 = Release|x64
		Release|x86 = Release|x86
		Signed|.NET = Signed|.NET
		Signed|Any CPU = Signed|Any CPU
		Signed|Mixed Platforms = Signed|Mixed Platforms
		Signed|x64 = Signed|x64
		Signed|x86 = Signed|x86
	EndGlobalSection
	GlobalSection(ProjectConfigurationPlatforms) = postSolution
		{0716F257-72DD-41EF-8E79-54BA388E3AB1}.Debug|.NET.ActiveCfg = Debug|Any CPU
		{0716F257-72DD-41EF-8E79-54BA388E3AB1}.Debug|.NET.Build.0 = Debug|Any CPU
		{0716F257-72DD-41EF-8E79-54BA388E3AB1}.Debug|Any CPU.ActiveCfg = Debug|Any CPU
		{0716F257-72DD-41EF-8E79-54BA388E3AB1}.Debug|Any CPU.Build.0 = Debug|Any CPU
		{0716F257-72DD-41EF-8E79-54BA388E3AB1}.Debug|Mixed Platforms.ActiveCfg = Debug|Any CPU
		{0716F257-72DD-41EF-8E79-54BA388E3AB1}.Debug|Mixed Platforms.Build.0 = Debug|Any CPU
		{0716F257-72DD-41EF-8E79-54BA388E3AB1}.Debug|x64.ActiveCfg = Debug|Any CPU
		{0716F257-72DD-41EF-8E79-54BA388E3AB1}.Debug|x64.Build.0 = Debug|Any CPU
		{0716F257-72DD-41EF-8E79-54BA388E3AB1}.Debug|x86.ActiveCfg = Debug|Any CPU
		{0716F257-72DD-41EF-8E79-54BA388E3AB1}.Debug|x86.Build.0 = Debug|Any CPU
		{0716F257-72DD-41EF-8E79-54BA388E3AB1}.Release|.NET.ActiveCfg = Release|Any CPU
		{0716F257-72DD-41EF-8E79-54BA388E3AB1}.Release|.NET.Build.0 = Release|Any CPU
		{0716F257-72DD-41EF-8E79-54BA388E3AB1}.Release|Any CPU.ActiveCfg = Release|Any CPU
		{0716F257-72DD-41EF-8E79-54BA388E3AB1}.Release|Any CPU.Build.0 = Release|Any CPU
		{0716F257-72DD-41EF-8E79-54BA388E3AB1}.Release|Mixed Platforms.ActiveCfg = Release|Any CPU
		{0716F257-72DD-41EF-8E79-54BA388E3AB1}.Release|Mixed Platforms.Build.0 = Release|Any CPU
		{0716F257-72DD-41EF-8E79-54BA388E3AB1}.Release|x64.ActiveCfg = Release|Any CPU
		{0716F257-72DD-41EF-8E79-54BA388E3AB1}.Release|x64.Build.0 = Release|Any CPU
		{0716F257-72DD-41EF-8E79-54BA388E3AB1}.Release|x86.ActiveCfg = Release|Any CPU
		{0716F257-72DD-41EF-8E79-54BA388E3AB1}.Release|x86.Build.0 = Release|Any CPU
		{0716F257-72DD-41EF-8E79-54BA388E3AB1}.Signed|.NET.ActiveCfg = Debug|Any CPU
		{0716F257-72DD-41EF-8E79-54BA388E3AB1}.Signed|.NET.Build.0 = Debug|Any CPU
		{0716F257-72DD-41EF-8E79-54BA388E3AB1}.Signed|Any CPU.ActiveCfg = Debug|Any CPU
		{0716F257-72DD-41EF-8E79-54BA388E3AB1}.Signed|Any CPU.Build.0 = Debug|Any CPU
		{0716F257-72DD-41EF-8E79-54BA388E3AB1}.Signed|Mixed Platforms.ActiveCfg = Debug|Any CPU
		{0716F257-72DD-41EF-8E79-54BA388E3AB1}.Signed|Mixed Platforms.Build.0 = Debug|Any CPU
		{0716F257-72DD-41EF-8E79-54BA388E3AB1}.Signed|x64.ActiveCfg = Release|Any CPU
		{0716F257-72DD-41EF-8E79-54BA388E3AB1}.Signed|x86.ActiveCfg = Debug|Any CPU
		{0716F257-72DD-41EF-8E79-54BA388E3AB1}.Signed|x86.Build.0 = Debug|Any CPU
		{2B9F4881-23A2-499A-A038-BF1346C6E974}.Debug|.NET.ActiveCfg = Debug|Any CPU
		{2B9F4881-23A2-499A-A038-BF1346C6E974}.Debug|Any CPU.ActiveCfg = Debug|Any CPU
		{2B9F4881-23A2-499A-A038-BF1346C6E974}.Debug|Any CPU.Build.0 = Debug|Any CPU
		{2B9F4881-23A2-499A-A038-BF1346C6E974}.Debug|Mixed Platforms.ActiveCfg = Debug|Any CPU
		{2B9F4881-23A2-499A-A038-BF1346C6E974}.Debug|Mixed Platforms.Build.0 = Debug|Any CPU
		{2B9F4881-23A2-499A-A038-BF1346C6E974}.Debug|x64.ActiveCfg = Debug|Any CPU
		{2B9F4881-23A2-499A-A038-BF1346C6E974}.Debug|x86.ActiveCfg = Debug|Any CPU
		{2B9F4881-23A2-499A-A038-BF1346C6E974}.Release|.NET.ActiveCfg = Release|Any CPU
		{2B9F4881-23A2-499A-A038-BF1346C6E974}.Release|Any CPU.ActiveCfg = Release|Any CPU
		{2B9F4881-23A2-499A-A038-BF1346C6E974}.Release|Any CPU.Build.0 = Release|Any CPU
		{2B9F4881-23A2-499A-A038-BF1346C6E974}.Release|Mixed Platforms.ActiveCfg = Release|Any CPU
		{2B9F4881-23A2-499A-A038-BF1346C6E974}.Release|Mixed Platforms.Build.0 = Release|Any CPU
		{2B9F4881-23A2-499A-A038-BF1346C6E974}.Release|x64.ActiveCfg = Release|Any CPU
		{2B9F4881-23A2-499A-A038-BF1346C6E974}.Release|x86.ActiveCfg = Release|Any CPU
		{2B9F4881-23A2-499A-A038-BF1346C6E974}.Signed|.NET.ActiveCfg = Release|Any CPU
		{2B9F4881-23A2-499A-A038-BF1346C6E974}.Signed|Any CPU.ActiveCfg = Release|Any CPU
		{2B9F4881-23A2-499A-A038-BF1346C6E974}.Signed|Any CPU.Build.0 = Release|Any CPU
		{2B9F4881-23A2-499A-A038-BF1346C6E974}.Signed|Mixed Platforms.ActiveCfg = Release|Any CPU
		{2B9F4881-23A2-499A-A038-BF1346C6E974}.Signed|Mixed Platforms.Build.0 = Release|Any CPU
		{2B9F4881-23A2-499A-A038-BF1346C6E974}.Signed|x64.ActiveCfg = Release|Any CPU
		{2B9F4881-23A2-499A-A038-BF1346C6E974}.Signed|x86.ActiveCfg = Release|Any CPU
		{43AA57EC-D54C-41FA-BAD8-F91B3DEA9C9B}.Debug|.NET.ActiveCfg = Debug|Any CPU
		{43AA57EC-D54C-41FA-BAD8-F91B3DEA9C9B}.Debug|.NET.Build.0 = Debug|Any CPU
		{43AA57EC-D54C-41FA-BAD8-F91B3DEA9C9B}.Debug|Any CPU.ActiveCfg = Debug|Any CPU
		{43AA57EC-D54C-41FA-BAD8-F91B3DEA9C9B}.Debug|Any CPU.Build.0 = Debug|Any CPU
		{43AA57EC-D54C-41FA-BAD8-F91B3DEA9C9B}.Debug|Mixed Platforms.ActiveCfg = Debug|Any CPU
		{43AA57EC-D54C-41FA-BAD8-F91B3DEA9C9B}.Debug|Mixed Platforms.Build.0 = Debug|Any CPU
		{43AA57EC-D54C-41FA-BAD8-F91B3DEA9C9B}.Debug|x64.ActiveCfg = Debug|Any CPU
		{43AA57EC-D54C-41FA-BAD8-F91B3DEA9C9B}.Debug|x64.Build.0 = Debug|Any CPU
		{43AA57EC-D54C-41FA-BAD8-F91B3DEA9C9B}.Debug|x86.ActiveCfg = Debug|Any CPU
		{43AA57EC-D54C-41FA-BAD8-F91B3DEA9C9B}.Debug|x86.Build.0 = Debug|Any CPU
		{43AA57EC-D54C-41FA-BAD8-F91B3DEA9C9B}.Release|.NET.ActiveCfg = Release|Any CPU
		{43AA57EC-D54C-41FA-BAD8-F91B3DEA9C9B}.Release|.NET.Build.0 = Release|Any CPU
		{43AA57EC-D54C-41FA-BAD8-F91B3DEA9C9B}.Release|Any CPU.ActiveCfg = Release|Any CPU
		{43AA57EC-D54C-41FA-BAD8-F91B3DEA9C9B}.Release|Any CPU.Build.0 = Release|Any CPU
		{43AA57EC-D54C-41FA-BAD8-F91B3DEA9C9B}.Release|Mixed Platforms.ActiveCfg = Release|Any CPU
		{43AA57EC-D54C-41FA-BAD8-F91B3DEA9C9B}.Release|Mixed Platforms.Build.0 = Release|Any CPU
		{43AA57EC-D54C-41FA-BAD8-F91B3DEA9C9B}.Release|x64.ActiveCfg = Release|Any CPU
		{43AA57EC-D54C-41FA-BAD8-F91B3DEA9C9B}.Release|x64.Build.0 = Release|Any CPU
		{43AA57EC-D54C-41FA-BAD8-F91B3DEA9C9B}.Release|x86.ActiveCfg = Release|Any CPU
		{43AA57EC-D54C-41FA-BAD8-F91B3DEA9C9B}.Release|x86.Build.0 = Release|Any CPU
		{43AA57EC-D54C-41FA-BAD8-F91B3DEA9C9B}.Signed|.NET.ActiveCfg = Debug|Any CPU
		{43AA57EC-D54C-41FA-BAD8-F91B3DEA9C9B}.Signed|.NET.Build.0 = Debug|Any CPU
		{43AA57EC-D54C-41FA-BAD8-F91B3DEA9C9B}.Signed|Any CPU.ActiveCfg = Debug|Any CPU
		{43AA57EC-D54C-41FA-BAD8-F91B3DEA9C9B}.Signed|Any CPU.Build.0 = Debug|Any CPU
		{43AA57EC-D54C-41FA-BAD8-F91B3DEA9C9B}.Signed|Mixed Platforms.ActiveCfg = Debug|Any CPU
		{43AA57EC-D54C-41FA-BAD8-F91B3DEA9C9B}.Signed|Mixed Platforms.Build.0 = Debug|Any CPU
		{43AA57EC-D54C-41FA-BAD8-F91B3DEA9C9B}.Signed|x64.ActiveCfg = Release|Any CPU
		{43AA57EC-D54C-41FA-BAD8-F91B3DEA9C9B}.Signed|x64.Build.0 = Release|Any CPU
		{43AA57EC-D54C-41FA-BAD8-F91B3DEA9C9B}.Signed|x86.ActiveCfg = Debug|Any CPU
		{43AA57EC-D54C-41FA-BAD8-F91B3DEA9C9B}.Signed|x86.Build.0 = Debug|Any CPU
		{4E3C1001-3AB5-4659-BDCE-13ED677D79FD}.Debug|.NET.ActiveCfg = Debug|Any CPU
		{4E3C1001-3AB5-4659-BDCE-13ED677D79FD}.Debug|.NET.Build.0 = Debug|Any CPU
		{4E3C1001-3AB5-4659-BDCE-13ED677D79FD}.Debug|Any CPU.ActiveCfg = Debug|Any CPU
		{4E3C1001-3AB5-4659-BDCE-13ED677D79FD}.Debug|Any CPU.Build.0 = Debug|Any CPU
		{4E3C1001-3AB5-4659-BDCE-13ED677D79FD}.Debug|Mixed Platforms.ActiveCfg = Debug|Any CPU
		{4E3C1001-3AB5-4659-BDCE-13ED677D79FD}.Debug|Mixed Platforms.Build.0 = Debug|Any CPU
		{4E3C1001-3AB5-4659-BDCE-13ED677D79FD}.Debug|x64.ActiveCfg = Debug|Any CPU
		{4E3C1001-3AB5-4659-BDCE-13ED677D79FD}.Debug|x86.ActiveCfg = Debug|Any CPU
		{4E3C1001-3AB5-4659-BDCE-13ED677D79FD}.Debug|x86.Build.0 = Debug|Any CPU
		{4E3C1001-3AB5-4659-BDCE-13ED677D79FD}.Release|.NET.ActiveCfg = Release|Any CPU
		{4E3C1001-3AB5-4659-BDCE-13ED677D79FD}.Release|.NET.Build.0 = Release|Any CPU
		{4E3C1001-3AB5-4659-BDCE-13ED677D79FD}.Release|Any CPU.ActiveCfg = Release|Any CPU
		{4E3C1001-3AB5-4659-BDCE-13ED677D79FD}.Release|Any CPU.Build.0 = Release|Any CPU
		{4E3C1001-3AB5-4659-BDCE-13ED677D79FD}.Release|Mixed Platforms.ActiveCfg = Release|Any CPU
		{4E3C1001-3AB5-4659-BDCE-13ED677D79FD}.Release|Mixed Platforms.Build.0 = Release|Any CPU
		{4E3C1001-3AB5-4659-BDCE-13ED677D79FD}.Release|x64.ActiveCfg = Release|Any CPU
		{4E3C1001-3AB5-4659-BDCE-13ED677D79FD}.Release|x86.ActiveCfg = Release|Any CPU
		{4E3C1001-3AB5-4659-BDCE-13ED677D79FD}.Release|x86.Build.0 = Release|Any CPU
		{4E3C1001-3AB5-4659-BDCE-13ED677D79FD}.Signed|.NET.ActiveCfg = Release|Any CPU
		{4E3C1001-3AB5-4659-BDCE-13ED677D79FD}.Signed|Any CPU.ActiveCfg = Release|Any CPU
		{4E3C1001-3AB5-4659-BDCE-13ED677D79FD}.Signed|Mixed Platforms.ActiveCfg = Release|Any CPU
		{4E3C1001-3AB5-4659-BDCE-13ED677D79FD}.Signed|x64.ActiveCfg = Release|Any CPU
		{4E3C1001-3AB5-4659-BDCE-13ED677D79FD}.Signed|x86.ActiveCfg = Release|Any CPU
		{ABA23F14-7E47-43FE-A3E7-1FF97840C3FB}.Debug|.NET.ActiveCfg = Debug|Any CPU
		{ABA23F14-7E47-43FE-A3E7-1FF97840C3FB}.Debug|Any CPU.ActiveCfg = Debug|Any CPU
		{ABA23F14-7E47-43FE-A3E7-1FF97840C3FB}.Debug|Any CPU.Build.0 = Debug|Any CPU
		{ABA23F14-7E47-43FE-A3E7-1FF97840C3FB}.Debug|Mixed Platforms.ActiveCfg = Debug|Any CPU
		{ABA23F14-7E47-43FE-A3E7-1FF97840C3FB}.Debug|Mixed Platforms.Build.0 = Debug|Any CPU
		{ABA23F14-7E47-43FE-A3E7-1FF97840C3FB}.Debug|x64.ActiveCfg = Debug|Any CPU
		{ABA23F14-7E47-43FE-A3E7-1FF97840C3FB}.Debug|x86.ActiveCfg = Debug|Any CPU
		{ABA23F14-7E47-43FE-A3E7-1FF97840C3FB}.Release|.NET.ActiveCfg = Release|Any CPU
		{ABA23F14-7E47-43FE-A3E7-1FF97840C3FB}.Release|Any CPU.ActiveCfg = Release|Any CPU
		{ABA23F14-7E47-43FE-A3E7-1FF97840C3FB}.Release|Any CPU.Build.0 = Release|Any CPU
		{ABA23F14-7E47-43FE-A3E7-1FF97840C3FB}.Release|Mixed Platforms.ActiveCfg = Release|Any CPU
		{ABA23F14-7E47-43FE-A3E7-1FF97840C3FB}.Release|Mixed Platforms.Build.0 = Release|Any CPU
		{ABA23F14-7E47-43FE-A3E7-1FF97840C3FB}.Release|x64.ActiveCfg = Release|Any CPU
		{ABA23F14-7E47-43FE-A3E7-1FF97840C3FB}.Release|x86.ActiveCfg = Release|Any CPU
		{ABA23F14-7E47-43FE-A3E7-1FF97840C3FB}.Signed|.NET.ActiveCfg = Signed|Any CPU
		{ABA23F14-7E47-43FE-A3E7-1FF97840C3FB}.Signed|Any CPU.ActiveCfg = Signed|Any CPU
		{ABA23F14-7E47-43FE-A3E7-1FF97840C3FB}.Signed|Any CPU.Build.0 = Signed|Any CPU
		{ABA23F14-7E47-43FE-A3E7-1FF97840C3FB}.Signed|Mixed Platforms.ActiveCfg = Signed|Any CPU
		{ABA23F14-7E47-43FE-A3E7-1FF97840C3FB}.Signed|Mixed Platforms.Build.0 = Signed|Any CPU
		{ABA23F14-7E47-43FE-A3E7-1FF97840C3FB}.Signed|x64.ActiveCfg = Signed|Any CPU
		{ABA23F14-7E47-43FE-A3E7-1FF97840C3FB}.Signed|x86.ActiveCfg = Signed|Any CPU
		{B0C99A3F-AB09-4984-B1C7-F95E8D169F31}.Debug|.NET.ActiveCfg = Debug|Any CPU
		{B0C99A3F-AB09-4984-B1C7-F95E8D169F31}.Debug|.NET.Build.0 = Debug|Any CPU
		{B0C99A3F-AB09-4984-B1C7-F95E8D169F31}.Debug|Any CPU.ActiveCfg = Debug|Any CPU
		{B0C99A3F-AB09-4984-B1C7-F95E8D169F31}.Debug|Any CPU.Build.0 = Debug|Any CPU
		{B0C99A3F-AB09-4984-B1C7-F95E8D169F31}.Debug|Mixed Platforms.ActiveCfg = Debug|Any CPU
		{B0C99A3F-AB09-4984-B1C7-F95E8D169F31}.Debug|Mixed Platforms.Build.0 = Debug|Any CPU
		{B0C99A3F-AB09-4984-B1C7-F95E8D169F31}.Debug|x64.ActiveCfg = Debug|Any CPU
		{B0C99A3F-AB09-4984-B1C7-F95E8D169F31}.Debug|x64.Build.0 = Debug|Any CPU
		{B0C99A3F-AB09-4984-B1C7-F95E8D169F31}.Debug|x86.ActiveCfg = Debug|Any CPU
		{B0C99A3F-AB09-4984-B1C7-F95E8D169F31}.Debug|x86.Build.0 = Debug|Any CPU
		{B0C99A3F-AB09-4984-B1C7-F95E8D169F31}.Release|.NET.ActiveCfg = Release|Any CPU
		{B0C99A3F-AB09-4984-B1C7-F95E8D169F31}.Release|.NET.Build.0 = Release|Any CPU
		{B0C99A3F-AB09-4984-B1C7-F95E8D169F31}.Release|Any CPU.ActiveCfg = Release|Any CPU
		{B0C99A3F-AB09-4984-B1C7-F95E8D169F31}.Release|Any CPU.Build.0 = Release|Any CPU
		{B0C99A3F-AB09-4984-B1C7-F95E8D169F31}.Release|Mixed Platforms.ActiveCfg = Release|Any CPU
		{B0C99A3F-AB09-4984-B1C7-F95E8D169F31}.Release|Mixed Platforms.Build.0 = Release|Any CPU
		{B0C99A3F-AB09-4984-B1C7-F95E8D169F31}.Release|x64.ActiveCfg = Release|Any CPU
		{B0C99A3F-AB09-4984-B1C7-F95E8D169F31}.Release|x64.Build.0 = Release|Any CPU
		{B0C99A3F-AB09-4984-B1C7-F95E8D169F31}.Release|x86.ActiveCfg = Release|Any CPU
		{B0C99A3F-AB09-4984-B1C7-F95E8D169F31}.Release|x86.Build.0 = Release|Any CPU
		{B0C99A3F-AB09-4984-B1C7-F95E8D169F31}.Signed|.NET.ActiveCfg = Debug|Any CPU
		{B0C99A3F-AB09-4984-B1C7-F95E8D169F31}.Signed|.NET.Build.0 = Debug|Any CPU
		{B0C99A3F-AB09-4984-B1C7-F95E8D169F31}.Signed|Any CPU.ActiveCfg = Debug|Any CPU
		{B0C99A3F-AB09-4984-B1C7-F95E8D169F31}.Signed|Any CPU.Build.0 = Debug|Any CPU
		{B0C99A3F-AB09-4984-B1C7-F95E8D169F31}.Signed|Mixed Platforms.ActiveCfg = Debug|Any CPU
		{B0C99A3F-AB09-4984-B1C7-F95E8D169F31}.Signed|Mixed Platforms.Build.0 = Debug|Any CPU
		{B0C99A3F-AB09-4984-B1C7-F95E8D169F31}.Signed|x64.ActiveCfg = Release|Any CPU
		{B0C99A3F-AB09-4984-B1C7-F95E8D169F31}.Signed|x86.ActiveCfg = Debug|Any CPU
		{B0C99A3F-AB09-4984-B1C7-F95E8D169F31}.Signed|x86.Build.0 = Debug|Any CPU
		{BEC86334-6BA5-4594-838B-C77A4FDB7FB3}.Debug|.NET.ActiveCfg = Debug|Any CPU
		{BEC86334-6BA5-4594-838B-C77A4FDB7FB3}.Debug|.NET.Build.0 = Debug|Any CPU
		{BEC86334-6BA5-4594-838B-C77A4FDB7FB3}.Debug|Any CPU.ActiveCfg = Debug|Any CPU
		{BEC86334-6BA5-4594-838B-C77A4FDB7FB3}.Debug|Any CPU.Build.0 = Debug|Any CPU
		{BEC86334-6BA5-4594-838B-C77A4FDB7FB3}.Debug|Mixed Platforms.ActiveCfg = Debug|Any CPU
		{BEC86334-6BA5-4594-838B-C77A4FDB7FB3}.Debug|Mixed Platforms.Build.0 = Debug|Any CPU
		{BEC86334-6BA5-4594-838B-C77A4FDB7FB3}.Debug|x64.ActiveCfg = Debug|Any CPU
		{BEC86334-6BA5-4594-838B-C77A4FDB7FB3}.Debug|x86.ActiveCfg = Debug|Any CPU
		{BEC86334-6BA5-4594-838B-C77A4FDB7FB3}.Debug|x86.Build.0 = Debug|Any CPU
		{BEC86334-6BA5-4594-838B-C77A4FDB7FB3}.Release|.NET.ActiveCfg = Release|Any CPU
		{BEC86334-6BA5-4594-838B-C77A4FDB7FB3}.Release|.NET.Build.0 = Release|Any CPU
		{BEC86334-6BA5-4594-838B-C77A4FDB7FB3}.Release|Any CPU.ActiveCfg = Release|Any CPU
		{BEC86334-6BA5-4594-838B-C77A4FDB7FB3}.Release|Any CPU.Build.0 = Release|Any CPU
		{BEC86334-6BA5-4594-838B-C77A4FDB7FB3}.Release|Mixed Platforms.ActiveCfg = Release|Any CPU
		{BEC86334-6BA5-4594-838B-C77A4FDB7FB3}.Release|Mixed Platforms.Build.0 = Release|Any CPU
		{BEC86334-6BA5-4594-838B-C77A4FDB7FB3}.Release|x64.ActiveCfg = Release|Any CPU
		{BEC86334-6BA5-4594-838B-C77A4FDB7FB3}.Release|x86.ActiveCfg = Release|Any CPU
		{BEC86334-6BA5-4594-838B-C77A4FDB7FB3}.Release|x86.Build.0 = Release|Any CPU
		{BEC86334-6BA5-4594-838B-C77A4FDB7FB3}.Signed|.NET.ActiveCfg = Release|Any CPU
		{BEC86334-6BA5-4594-838B-C77A4FDB7FB3}.Signed|Any CPU.ActiveCfg = Release|Any CPU
		{BEC86334-6BA5-4594-838B-C77A4FDB7FB3}.Signed|Mixed Platforms.ActiveCfg = Release|Any CPU
		{BEC86334-6BA5-4594-838B-C77A4FDB7FB3}.Signed|x64.ActiveCfg = Release|Any CPU
		{BEC86334-6BA5-4594-838B-C77A4FDB7FB3}.Signed|x86.ActiveCfg = Release|Any CPU
		{C28D23D3-5740-4663-B2E5-247A27DC2BBB}.Debug|.NET.ActiveCfg = Debug|Any CPU
		{C28D23D3-5740-4663-B2E5-247A27DC2BBB}.Debug|Any CPU.ActiveCfg = Debug|Any CPU
		{C28D23D3-5740-4663-B2E5-247A27DC2BBB}.Debug|Any CPU.Build.0 = Debug|Any CPU
		{C28D23D3-5740-4663-B2E5-247A27DC2BBB}.Debug|Mixed Platforms.ActiveCfg = Debug|Any CPU
		{C28D23D3-5740-4663-B2E5-247A27DC2BBB}.Debug|Mixed Platforms.Build.0 = Debug|Any CPU
		{C28D23D3-5740-4663-B2E5-247A27DC2BBB}.Debug|x64.ActiveCfg = Debug|Any CPU
		{C28D23D3-5740-4663-B2E5-247A27DC2BBB}.Debug|x86.ActiveCfg = Debug|Any CPU
		{C28D23D3-5740-4663-B2E5-247A27DC2BBB}.Release|.NET.ActiveCfg = Release|Any CPU
		{C28D23D3-5740-4663-B2E5-247A27DC2BBB}.Release|Any CPU.ActiveCfg = Release|Any CPU
		{C28D23D3-5740-4663-B2E5-247A27DC2BBB}.Release|Any CPU.Build.0 = Release|Any CPU
		{C28D23D3-5740-4663-B2E5-247A27DC2BBB}.Release|Mixed Platforms.ActiveCfg = Release|Any CPU
		{C28D23D3-5740-4663-B2E5-247A27DC2BBB}.Release|Mixed Platforms.Build.0 = Release|Any CPU
		{C28D23D3-5740-4663-B2E5-247A27DC2BBB}.Release|x64.ActiveCfg = Release|Any CPU
		{C28D23D3-5740-4663-B2E5-247A27DC2BBB}.Release|x86.ActiveCfg = Release|Any CPU
		{C28D23D3-5740-4663-B2E5-247A27DC2BBB}.Signed|.NET.ActiveCfg = Release|Any CPU
		{C28D23D3-5740-4663-B2E5-247A27DC2BBB}.Signed|Any CPU.ActiveCfg = Release|Any CPU
		{C28D23D3-5740-4663-B2E5-247A27DC2BBB}.Signed|Any CPU.Build.0 = Release|Any CPU
		{C28D23D3-5740-4663-B2E5-247A27DC2BBB}.Signed|Mixed Platforms.ActiveCfg = Release|Any CPU
		{C28D23D3-5740-4663-B2E5-247A27DC2BBB}.Signed|Mixed Platforms.Build.0 = Release|Any CPU
		{C28D23D3-5740-4663-B2E5-247A27DC2BBB}.Signed|x64.ActiveCfg = Release|Any CPU
		{C28D23D3-5740-4663-B2E5-247A27DC2BBB}.Signed|x86.ActiveCfg = Release|Any CPU
		{DE0BE1F1-34F4-4FCC-9546-E73EBD4DC3B1}.Debug|.NET.ActiveCfg = Debug|Any CPU
		{DE0BE1F1-34F4-4FCC-9546-E73EBD4DC3B1}.Debug|.NET.Build.0 = Debug|Any CPU
		{DE0BE1F1-34F4-4FCC-9546-E73EBD4DC3B1}.Debug|Any CPU.ActiveCfg = Debug|Any CPU
		{DE0BE1F1-34F4-4FCC-9546-E73EBD4DC3B1}.Debug|Any CPU.Build.0 = Debug|Any CPU
		{DE0BE1F1-34F4-4FCC-9546-E73EBD4DC3B1}.Debug|Mixed Platforms.ActiveCfg = Debug|Any CPU
		{DE0BE1F1-34F4-4FCC-9546-E73EBD4DC3B1}.Debug|Mixed Platforms.Build.0 = Debug|Any CPU
		{DE0BE1F1-34F4-4FCC-9546-E73EBD4DC3B1}.Debug|x64.ActiveCfg = Debug|Any CPU
		{DE0BE1F1-34F4-4FCC-9546-E73EBD4DC3B1}.Debug|x86.ActiveCfg = Debug|Any CPU
		{DE0BE1F1-34F4-4FCC-9546-E73EBD4DC3B1}.Debug|x86.Build.0 = Debug|Any CPU
		{DE0BE1F1-34F4-4FCC-9546-E73EBD4DC3B1}.Release|.NET.ActiveCfg = Release|Any CPU
		{DE0BE1F1-34F4-4FCC-9546-E73EBD4DC3B1}.Release|.NET.Build.0 = Release|Any CPU
		{DE0BE1F1-34F4-4FCC-9546-E73EBD4DC3B1}.Release|Any CPU.ActiveCfg = Release|Any CPU
		{DE0BE1F1-34F4-4FCC-9546-E73EBD4DC3B1}.Release|Any CPU.Build.0 = Release|Any CPU
		{DE0BE1F1-34F4-4FCC-9546-E73EBD4DC3B1}.Release|Mixed Platforms.ActiveCfg = Release|Any CPU
		{DE0BE1F1-34F4-4FCC-9546-E73EBD4DC3B1}.Release|Mixed Platforms.Build.0 = Release|Any CPU
		{DE0BE1F1-34F4-4FCC-9546-E73EBD4DC3B1}.Release|x64.ActiveCfg = Release|Any CPU
		{DE0BE1F1-34F4-4FCC-9546-E73EBD4DC3B1}.Release|x86.ActiveCfg = Release|Any CPU
		{DE0BE1F1-34F4-4FCC-9546-E73EBD4DC3B1}.Release|x86.Build.0 = Release|Any CPU
		{DE0BE1F1-34F4-4FCC-9546-E73EBD4DC3B1}.Signed|.NET.ActiveCfg = Release|Any CPU
		{DE0BE1F1-34F4-4FCC-9546-E73EBD4DC3B1}.Signed|Any CPU.ActiveCfg = Release|Any CPU
		{DE0BE1F1-34F4-4FCC-9546-E73EBD4DC3B1}.Signed|Mixed Platforms.ActiveCfg = Release|Any CPU
		{DE0BE1F1-34F4-4FCC-9546-E73EBD4DC3B1}.Signed|x64.ActiveCfg = Release|Any CPU
		{DE0BE1F1-34F4-4FCC-9546-E73EBD4DC3B1}.Signed|x86.ActiveCfg = Release|Any CPU
		{E3B83D68-C90C-4874-8E5F-DEC8D038BC7C}.Debug|.NET.ActiveCfg = Debug|Any CPU
		{E3B83D68-C90C-4874-8E5F-DEC8D038BC7C}.Debug|.NET.Build.0 = Debug|Any CPU
		{E3B83D68-C90C-4874-8E5F-DEC8D038BC7C}.Debug|Any CPU.ActiveCfg = Debug|Any CPU
		{E3B83D68-C90C-4874-8E5F-DEC8D038BC7C}.Debug|Any CPU.Build.0 = Debug|Any CPU
		{E3B83D68-C90C-4874-8E5F-DEC8D038BC7C}.Debug|Mixed Platforms.ActiveCfg = Debug|Any CPU
		{E3B83D68-C90C-4874-8E5F-DEC8D038BC7C}.Debug|Mixed Platforms.Build.0 = Debug|Any CPU
		{E3B83D68-C90C-4874-8E5F-DEC8D038BC7C}.Debug|x64.ActiveCfg = Debug|Any CPU
		{E3B83D68-C90C-4874-8E5F-DEC8D038BC7C}.Debug|x64.Build.0 = Debug|Any CPU
		{E3B83D68-C90C-4874-8E5F-DEC8D038BC7C}.Debug|x86.ActiveCfg = Debug|Any CPU
		{E3B83D68-C90C-4874-8E5F-DEC8D038BC7C}.Debug|x86.Build.0 = Debug|Any CPU
		{E3B83D68-C90C-4874-8E5F-DEC8D038BC7C}.Release|.NET.ActiveCfg = Release|Any CPU
		{E3B83D68-C90C-4874-8E5F-DEC8D038BC7C}.Release|.NET.Build.0 = Release|Any CPU
		{E3B83D68-C90C-4874-8E5F-DEC8D038BC7C}.Release|Any CPU.ActiveCfg = Release|Any CPU
		{E3B83D68-C90C-4874-8E5F-DEC8D038BC7C}.Release|Any CPU.Build.0 = Release|Any CPU
		{E3B83D68-C90C-4874-8E5F-DEC8D038BC7C}.Release|Mixed Platforms.ActiveCfg = Release|Any CPU
		{E3B83D68-C90C-4874-8E5F-DEC8D038BC7C}.Release|Mixed Platforms.Build.0 = Release|Any CPU
		{E3B83D68-C90C-4874-8E5F-DEC8D038BC7C}.Release|x64.ActiveCfg = Release|Any CPU
		{E3B83D68-C90C-4874-8E5F-DEC8D038BC7C}.Release|x64.Build.0 = Release|Any CPU
		{E3B83D68-C90C-4874-8E5F-DEC8D038BC7C}.Release|x86.ActiveCfg = Release|Any CPU
		{E3B83D68-C90C-4874-8E5F-DEC8D038BC7C}.Release|x86.Build.0 = Release|Any CPU
		{E3B83D68-C90C-4874-8E5F-DEC8D038BC7C}.Signed|.NET.ActiveCfg = Debug|Any CPU
		{E3B83D68-C90C-4874-8E5F-DEC8D038BC7C}.Signed|.NET.Build.0 = Debug|Any CPU
		{E3B83D68-C90C-4874-8E5F-DEC8D038BC7C}.Signed|Any CPU.ActiveCfg = Debug|Any CPU
		{E3B83D68-C90C-4874-8E5F-DEC8D038BC7C}.Signed|Any CPU.Build.0 = Debug|Any CPU
		{E3B83D68-C90C-4874-8E5F-DEC8D038BC7C}.Signed|Mixed Platforms.ActiveCfg = Debug|Any CPU
		{E3B83D68-C90C-4874-8E5F-DEC8D038BC7C}.Signed|Mixed Platforms.Build.0 = Debug|Any CPU
		{E3B83D68-C90C-4874-8E5F-DEC8D038BC7C}.Signed|x64.ActiveCfg = Release|Any CPU
		{E3B83D68-C90C-4874-8E5F-DEC8D038BC7C}.Signed|x86.ActiveCfg = Debug|Any CPU
		{E3B83D68-C90C-4874-8E5F-DEC8D038BC7C}.Signed|x86.Build.0 = Debug|Any CPU
		{FA2E72F6-D583-4B7D-A934-8553A54D7021}.Debug|.NET.ActiveCfg = Debug|Any CPU
		{FA2E72F6-D583-4B7D-A934-8553A54D7021}.Debug|.NET.Build.0 = Debug|Any CPU
		{FA2E72F6-D583-4B7D-A934-8553A54D7021}.Debug|Any CPU.ActiveCfg = Debug|Any CPU
		{FA2E72F6-D583-4B7D-A934-8553A54D7021}.Debug|Any CPU.Build.0 = Debug|Any CPU
		{FA2E72F6-D583-4B7D-A934-8553A54D7021}.Debug|Mixed Platforms.ActiveCfg = Debug|Any CPU
		{FA2E72F6-D583-4B7D-A934-8553A54D7021}.Debug|Mixed Platforms.Build.0 = Debug|Any CPU
		{FA2E72F6-D583-4B7D-A934-8553A54D7021}.Debug|x64.ActiveCfg = Debug|Any CPU
		{FA2E72F6-D583-4B7D-A934-8553A54D7021}.Debug|x86.ActiveCfg = Debug|Any CPU
		{FA2E72F6-D583-4B7D-A934-8553A54D7021}.Debug|x86.Build.0 = Debug|Any CPU
		{FA2E72F6-D583-4B7D-A934-8553A54D7021}.Release|.NET.ActiveCfg = Release|Any CPU
		{FA2E72F6-D583-4B7D-A934-8553A54D7021}.Release|.NET.Build.0 = Release|Any CPU
		{FA2E72F6-D583-4B7D-A934-8553A54D7021}.Release|Any CPU.ActiveCfg = Release|Any CPU
		{FA2E72F6-D583-4B7D-A934-8553A54D7021}.Release|Any CPU.Build.0 = Release|Any CPU
		{FA2E72F6-D583-4B7D-A934-8553A54D7021}.Release|Mixed Platforms.ActiveCfg = Release|Any CPU
		{FA2E72F6-D583-4B7D-A934-8553A54D7021}.Release|Mixed Platforms.Build.0 = Release|Any CPU
		{FA2E72F6-D583-4B7D-A934-8553A54D7021}.Release|x64.ActiveCfg = Release|Any CPU
		{FA2E72F6-D583-4B7D-A934-8553A54D7021}.Release|x86.ActiveCfg = Release|Any CPU
		{FA2E72F6-D583-4B7D-A934-8553A54D7021}.Release|x86.Build.0 = Release|Any CPU
		{FA2E72F6-D583-4B7D-A934-8553A54D7021}.Signed|.NET.ActiveCfg = Release|Any CPU
		{FA2E72F6-D583-4B7D-A934-8553A54D7021}.Signed|Any CPU.ActiveCfg = Release|Any CPU
		{FA2E72F6-D583-4B7D-A934-8553A54D7021}.Signed|Mixed Platforms.ActiveCfg = Release|Any CPU
		{FA2E72F6-D583-4B7D-A934-8553A54D7021}.Signed|x64.ActiveCfg = Release|Any CPU
		{FA2E72F6-D583-4B7D-A934-8553A54D7021}.Signed|x86.ActiveCfg = Release|Any CPU
		{FD71C7F5-D3E7-491D-9916-27A7D8E73544}.Debug|.NET.ActiveCfg = Debug|Any CPU
		{FD71C7F5-D3E7-491D-9916-27A7D8E73544}.Debug|.NET.Build.0 = Debug|Any CPU
		{FD71C7F5-D3E7-491D-9916-27A7D8E73544}.Debug|Any CPU.ActiveCfg = Debug|Any CPU
		{FD71C7F5-D3E7-491D-9916-27A7D8E73544}.Debug|Any CPU.Build.0 = Debug|Any CPU
		{FD71C7F5-D3E7-491D-9916-27A7D8E73544}.Debug|Mixed Platforms.ActiveCfg = Debug|Any CPU
		{FD71C7F5-D3E7-491D-9916-27A7D8E73544}.Debug|Mixed Platforms.Build.0 = Debug|Any CPU
		{FD71C7F5-D3E7-491D-9916-27A7D8E73544}.Debug|x64.ActiveCfg = Debug|Any CPU
		{FD71C7F5-D3E7-491D-9916-27A7D8E73544}.Debug|x64.Build.0 = Debug|Any CPU
		{FD71C7F5-D3E7-491D-9916-27A7D8E73544}.Debug|x86.ActiveCfg = Debug|Any CPU
		{FD71C7F5-D3E7-491D-9916-27A7D8E73544}.Debug|x86.Build.0 = Debug|Any CPU
		{FD71C7F5-D3E7-491D-9916-27A7D8E73544}.Release|.NET.ActiveCfg = Release|Any CPU
		{FD71C7F5-D3E7-491D-9916-27A7D8E73544}.Release|.NET.Build.0 = Release|Any CPU
		{FD71C7F5-D3E7-491D-9916-27A7D8E73544}.Release|Any CPU.ActiveCfg = Release|Any CPU
		{FD71C7F5-D3E7-491D-9916-27A7D8E73544}.Release|Any CPU.Build.0 = Release|Any CPU
		{FD71C7F5-D3E7-491D-9916-27A7D8E73544}.Release|Mixed Platforms.ActiveCfg = Release|Any CPU
		{FD71C7F5-D3E7-491D-9916-27A7D8E73544}.Release|Mixed Platforms.Build.0 = Release|Any CPU
		{FD71C7F5-D3E7-491D-9916-27A7D8E73544}.Release|x64.ActiveCfg = Release|Any CPU
		{FD71C7F5-D3E7-491D-9916-27A7D8E73544}.Release|x64.Build.0 = Release|Any CPU
		{FD71C7F5-D3E7-491D-9916-27A7D8E73544}.Release|x86.ActiveCfg = Release|Any CPU
		{FD71C7F5-D3E7-491D-9916-27A7D8E73544}.Release|x86.Build.0 = Release|Any CPU
		{FD71C7F5-D3E7-491D-9916-27A7D8E73544}.Signed|.NET.ActiveCfg = Debug|Any CPU
		{FD71C7F5-D3E7-491D-9916-27A7D8E73544}.Signed|.NET.Build.0 = Debug|Any CPU
		{FD71C7F5-D3E7-491D-9916-27A7D8E73544}.Signed|Any CPU.ActiveCfg = Debug|Any CPU
		{FD71C7F5-D3E7-491D-9916-27A7D8E73544}.Signed|Any CPU.Build.0 = Debug|Any CPU
		{FD71C7F5-D3E7-491D-9916-27A7D8E73544}.Signed|Mixed Platforms.ActiveCfg = Debug|Any CPU
		{FD71C7F5-D3E7-491D-9916-27A7D8E73544}.Signed|Mixed Platforms.Build.0 = Debug|Any CPU
		{FD71C7F5-D3E7-491D-9916-27A7D8E73544}.Signed|x64.ActiveCfg = Release|Any CPU
		{FD71C7F5-D3E7-491D-9916-27A7D8E73544}.Signed|x86.ActiveCfg = Debug|Any CPU
		{FD71C7F5-D3E7-491D-9916-27A7D8E73544}.Signed|x86.Build.0 = Debug|Any CPU
	EndGlobalSection
	GlobalSection(MonoDevelopProperties) = preSolution
		StartupItem = Mashup\Mashup.csproj
		Policies = $0
		$0.DotNetNamingPolicy = $1
		$1.DirectoryNamespaceAssociation = None
		$1.ResourceNamePolicy = FileFormatDefault
		$0.VersionControlPolicy = $2
		$2.inheritsSet = Mono
		$0.TextStylePolicy = $3
		$3.FileWidth = 120
		$3.inheritsSet = VisualStudio
		$3.inheritsScope = text/plain
		$3.scope = application/javascript
	EndGlobalSection
	GlobalSection(SolutionProperties) = preSolution
		HideSolutionNode = FALSE
	EndGlobalSection
	GlobalSection(ExtensibilityGlobals) = postSolution
		VisualSVNWorkingCopyRoot = .
	EndGlobalSection
EndGlobal
